// !$*UTF8*$!
{
	archiveVersion = 1;
	classes = {
	};
	objectVersion = 48;
	objects = {

/* Begin PBXBuildFile section */
		520D2D4A2021ABE300592DC0 /* HomeViewController.swift in Sources */ = {isa = PBXBuildFile; fileRef = 520D2D492021ABE300592DC0 /* HomeViewController.swift */; };
		520D2D4C2021ABF500592DC0 /* FindFriendsViewController.swift in Sources */ = {isa = PBXBuildFile; fileRef = 520D2D4B2021ABF500592DC0 /* FindFriendsViewController.swift */; };
		520D2D4E2021BD6E00592DC0 /* MainTabBarController.swift in Sources */ = {isa = PBXBuildFile; fileRef = 520D2D4D2021BD6E00592DC0 /* MainTabBarController.swift */; };
		520D2D502021D27600592DC0 /* IGPhotoHelper.swift in Sources */ = {isa = PBXBuildFile; fileRef = 520D2D4F2021D27600592DC0 /* IGPhotoHelper.swift */; };
		520D2D522021DE7100592DC0 /* StorageService.swift in Sources */ = {isa = PBXBuildFile; fileRef = 520D2D512021DE7100592DC0 /* StorageService.swift */; };
		520D2D542021E06900592DC0 /* PostService.swift in Sources */ = {isa = PBXBuildFile; fileRef = 520D2D532021E06900592DC0 /* PostService.swift */; };
		520D2D562021E6D000592DC0 /* Post.swift in Sources */ = {isa = PBXBuildFile; fileRef = 520D2D552021E6D000592DC0 /* Post.swift */; };
		520D2D582021ED1300592DC0 /* UIImage+Size.swift in Sources */ = {isa = PBXBuildFile; fileRef = 520D2D572021ED1300592DC0 /* UIImage+Size.swift */; };
		520D2D5A2021EE3F00592DC0 /* StorageReference+Post.swift in Sources */ = {isa = PBXBuildFile; fileRef = 520D2D592021EE3F00592DC0 /* StorageReference+Post.swift */; };
		520D2D6020220B1000592DC0 /* Home.storyboard in Resources */ = {isa = PBXBuildFile; fileRef = 520D2D5F20220B0D00592DC0 /* Home.storyboard */; };
		52908F1F20206A250022BD71 /* AppDelegate.swift in Sources */ = {isa = PBXBuildFile; fileRef = 52908F1E20206A250022BD71 /* AppDelegate.swift */; };
		52908F2420206A250022BD71 /* Main.storyboard in Resources */ = {isa = PBXBuildFile; fileRef = 52908F2220206A250022BD71 /* Main.storyboard */; };
		52908F2620206A250022BD71 /* Assets.xcassets in Resources */ = {isa = PBXBuildFile; fileRef = 52908F2520206A250022BD71 /* Assets.xcassets */; };
		52908F2920206A250022BD71 /* LaunchScreen.storyboard in Resources */ = {isa = PBXBuildFile; fileRef = 52908F2720206A250022BD71 /* LaunchScreen.storyboard */; };
		52908F3120206AE80022BD71 /* GoogleService-Info.plist in Resources */ = {isa = PBXBuildFile; fileRef = 52908F3020206AE80022BD71 /* GoogleService-Info.plist */; };
		52908F3B2020814B0022BD71 /* Login.storyboard in Resources */ = {isa = PBXBuildFile; fileRef = 52908F3A2020814B0022BD71 /* Login.storyboard */; };
		52908F3D202081CC0022BD71 /* LoginViewController.swift in Sources */ = {isa = PBXBuildFile; fileRef = 52908F3C202081CC0022BD71 /* LoginViewController.swift */; };
		52908F3F202093460022BD71 /* User.swift in Sources */ = {isa = PBXBuildFile; fileRef = 52908F3E202093460022BD71 /* User.swift */; };
		52908F412020964D0022BD71 /* CreateUsernameViewController.swift in Sources */ = {isa = PBXBuildFile; fileRef = 52908F402020964D0022BD71 /* CreateUsernameViewController.swift */; };
		52CEF8032020A906001E91C8 /* UserService.swift in Sources */ = {isa = PBXBuildFile; fileRef = 52CEF8022020A906001E91C8 /* UserService.swift */; };
		52CEF8052020B7BC001E91C8 /* Constants.swift in Sources */ = {isa = PBXBuildFile; fileRef = 52CEF8042020B7BC001E91C8 /* Constants.swift */; };
		52CEF8072020B86A001E91C8 /* Storyboard+Utility.swift in Sources */ = {isa = PBXBuildFile; fileRef = 52CEF8062020B86A001E91C8 /* Storyboard+Utility.swift */; };
		B4668E53268AE07100943D0C /* Pods_InstagramClone.framework in Frameworks */ = {isa = PBXBuildFile; fileRef = A00D3A2659B7B3C7F7732571 /* Pods_InstagramClone.framework */; };
/* End PBXBuildFile section */

/* Begin PBXFileReference section */
		520D2D492021ABE300592DC0 /* HomeViewController.swift */ = {isa = PBXFileReference; lastKnownFileType = sourcecode.swift; path = HomeViewController.swift; sourceTree = "<group>"; };
		520D2D4B2021ABF500592DC0 /* FindFriendsViewController.swift */ = {isa = PBXFileReference; lastKnownFileType = sourcecode.swift; path = FindFriendsViewController.swift; sourceTree = "<group>"; };
		520D2D4D2021BD6E00592DC0 /* MainTabBarController.swift */ = {isa = PBXFileReference; lastKnownFileType = sourcecode.swift; path = MainTabBarController.swift; sourceTree = "<group>"; };
		520D2D4F2021D27600592DC0 /* IGPhotoHelper.swift */ = {isa = PBXFileReference; lastKnownFileType = sourcecode.swift; path = IGPhotoHelper.swift; sourceTree = "<group>"; };
		520D2D512021DE7100592DC0 /* StorageService.swift */ = {isa = PBXFileReference; lastKnownFileType = sourcecode.swift; path = StorageService.swift; sourceTree = "<group>"; };
		520D2D532021E06900592DC0 /* PostService.swift */ = {isa = PBXFileReference; lastKnownFileType = sourcecode.swift; path = PostService.swift; sourceTree = "<group>"; };
		520D2D552021E6D000592DC0 /* Post.swift */ = {isa = PBXFileReference; lastKnownFileType = sourcecode.swift; path = Post.swift; sourceTree = "<group>"; };
		520D2D572021ED1300592DC0 /* UIImage+Size.swift */ = {isa = PBXFileReference; lastKnownFileType = sourcecode.swift; path = "UIImage+Size.swift"; sourceTree = "<group>"; };
		520D2D592021EE3F00592DC0 /* StorageReference+Post.swift */ = {isa = PBXFileReference; lastKnownFileType = sourcecode.swift; path = "StorageReference+Post.swift"; sourceTree = "<group>"; };
		520D2D5E20220B0D00592DC0 /* Base */ = {isa = PBXFileReference; lastKnownFileType = file.storyboard; name = Base; path = Base.lproj/Home.storyboard; sourceTree = "<group>"; };
		52908F1B20206A250022BD71 /* InstagramClone.app */ = {isa = PBXFileReference; explicitFileType = wrapper.application; includeInIndex = 0; path = InstagramClone.app; sourceTree = BUILT_PRODUCTS_DIR; };
		52908F1E20206A250022BD71 /* AppDelegate.swift */ = {isa = PBXFileReference; lastKnownFileType = sourcecode.swift; path = AppDelegate.swift; sourceTree = "<group>"; };
		52908F2320206A250022BD71 /* Base */ = {isa = PBXFileReference; lastKnownFileType = file.storyboard; name = Base; path = Base.lproj/Main.storyboard; sourceTree = "<group>"; };
		52908F2520206A250022BD71 /* Assets.xcassets */ = {isa = PBXFileReference; lastKnownFileType = folder.assetcatalog; path = Assets.xcassets; sourceTree = "<group>"; };
		52908F2820206A250022BD71 /* Base */ = {isa = PBXFileReference; lastKnownFileType = file.storyboard; name = Base; path = Base.lproj/LaunchScreen.storyboard; sourceTree = "<group>"; };
		52908F2A20206A250022BD71 /* Info.plist */ = {isa = PBXFileReference; lastKnownFileType = text.plist.xml; path = Info.plist; sourceTree = "<group>"; };
		52908F3020206AE80022BD71 /* GoogleService-Info.plist */ = {isa = PBXFileReference; fileEncoding = 4; lastKnownFileType = text.plist.xml; path = "GoogleService-Info.plist"; sourceTree = "<group>"; };
		52908F3A2020814B0022BD71 /* Login.storyboard */ = {isa = PBXFileReference; lastKnownFileType = file.storyboard; path = Login.storyboard; sourceTree = "<group>"; };
		52908F3C202081CC0022BD71 /* LoginViewController.swift */ = {isa = PBXFileReference; lastKnownFileType = sourcecode.swift; path = LoginViewController.swift; sourceTree = "<group>"; };
		52908F3E202093460022BD71 /* User.swift */ = {isa = PBXFileReference; lastKnownFileType = sourcecode.swift; path = User.swift; sourceTree = "<group>"; };
		52908F402020964D0022BD71 /* CreateUsernameViewController.swift */ = {isa = PBXFileReference; lastKnownFileType = sourcecode.swift; path = CreateUsernameViewController.swift; sourceTree = "<group>"; };
		52C795E23F51008C047E2F57 /* Pods-InstagramClone.debug.xcconfig */ = {isa = PBXFileReference; includeInIndex = 1; lastKnownFileType = text.xcconfig; name = "Pods-InstagramClone.debug.xcconfig"; path = "Pods/Target Support Files/Pods-InstagramClone/Pods-InstagramClone.debug.xcconfig"; sourceTree = "<group>"; };
		52CEF8022020A906001E91C8 /* UserService.swift */ = {isa = PBXFileReference; lastKnownFileType = sourcecode.swift; path = UserService.swift; sourceTree = "<group>"; };
		52CEF8042020B7BC001E91C8 /* Constants.swift */ = {isa = PBXFileReference; lastKnownFileType = sourcecode.swift; path = Constants.swift; sourceTree = "<group>"; };
		52CEF8062020B86A001E91C8 /* Storyboard+Utility.swift */ = {isa = PBXFileReference; lastKnownFileType = sourcecode.swift; path = "Storyboard+Utility.swift"; sourceTree = "<group>"; };
		A00D3A2659B7B3C7F7732571 /* Pods_InstagramClone.framework */ = {isa = PBXFileReference; explicitFileType = wrapper.framework; includeInIndex = 0; path = Pods_InstagramClone.framework; sourceTree = BUILT_PRODUCTS_DIR; };
		B995BAFA7A7988234E621BB2 /* Pods-InstagramClone.release.xcconfig */ = {isa = PBXFileReference; includeInIndex = 1; lastKnownFileType = text.xcconfig; name = "Pods-InstagramClone.release.xcconfig"; path = "Pods/Target Support Files/Pods-InstagramClone/Pods-InstagramClone.release.xcconfig"; sourceTree = "<group>"; };
/* End PBXFileReference section */

/* Begin PBXFrameworksBuildPhase section */
		52908F1820206A250022BD71 /* Frameworks */ = {
			isa = PBXFrameworksBuildPhase;
			buildActionMask = 2147483647;
			files = (
				B4668E53268AE07100943D0C /* Pods_InstagramClone.framework in Frameworks */,
			);
			runOnlyForDeploymentPostprocessing = 0;
		};
/* End PBXFrameworksBuildPhase section */

/* Begin PBXGroup section */
		52908F1220206A250022BD71 = {
			isa = PBXGroup;
			children = (
				52908F1D20206A250022BD71 /* InstagramClone */,
				52908F1C20206A250022BD71 /* Products */,
				52A1B819AC14D6817908488B /* Pods */,
				C91701510C6F10F8D5BC553F /* Frameworks */,
			);
			sourceTree = "<group>";
		};
		52908F1C20206A250022BD71 /* Products */ = {
			isa = PBXGroup;
			children = (
				52908F1B20206A250022BD71 /* InstagramClone.app */,
			);
			name = Products;
			sourceTree = "<group>";
		};
		52908F1D20206A250022BD71 /* InstagramClone */ = {
			isa = PBXGroup;
			children = (
				52908F1E20206A250022BD71 /* AppDelegate.swift */,
				52908F2520206A250022BD71 /* Assets.xcassets */,
				52908F3220206D6E0022BD71 /* Controllers */,
				52908F3320206D9B0022BD71 /* Extensions */,
				52908F3420206DA60022BD71 /* Helpers */,
				52908F3520206DAF0022BD71 /* Models */,
				52908F3620206DB70022BD71 /* Services */,
				52908F3720206DC00022BD71 /* Storyboards */,
				52908F3820206DC90022BD71 /* Supporting */,
				52908F3920206DD10022BD71 /* Views */,
			);
			path = InstagramClone;
			sourceTree = "<group>";
		};
		52908F3220206D6E0022BD71 /* Controllers */ = {
			isa = PBXGroup;
			children = (
				52908F3C202081CC0022BD71 /* LoginViewController.swift */,
				52908F402020964D0022BD71 /* CreateUsernameViewController.swift */,
				520D2D492021ABE300592DC0 /* HomeViewController.swift */,
				520D2D4B2021ABF500592DC0 /* FindFriendsViewController.swift */,
				520D2D4D2021BD6E00592DC0 /* MainTabBarController.swift */,
			);
			path = Controllers;
			sourceTree = "<group>";
		};
		52908F3320206D9B0022BD71 /* Extensions */ = {
			isa = PBXGroup;
			children = (
				52CEF8062020B86A001E91C8 /* Storyboard+Utility.swift */,
				520D2D572021ED1300592DC0 /* UIImage+Size.swift */,
				520D2D592021EE3F00592DC0 /* StorageReference+Post.swift */,
			);
			path = Extensions;
			sourceTree = "<group>";
		};
		52908F3420206DA60022BD71 /* Helpers */ = {
			isa = PBXGroup;
			children = (
				520D2D4F2021D27600592DC0 /* IGPhotoHelper.swift */,
			);
			path = Helpers;
			sourceTree = "<group>";
		};
		52908F3520206DAF0022BD71 /* Models */ = {
			isa = PBXGroup;
			children = (
				52908F3E202093460022BD71 /* User.swift */,
				520D2D552021E6D000592DC0 /* Post.swift */,
			);
			path = Models;
			sourceTree = "<group>";
		};
		52908F3620206DB70022BD71 /* Services */ = {
			isa = PBXGroup;
			children = (
				52CEF8022020A906001E91C8 /* UserService.swift */,
				520D2D512021DE7100592DC0 /* StorageService.swift */,
				520D2D532021E06900592DC0 /* PostService.swift */,
			);
			path = Services;
			sourceTree = "<group>";
		};
		52908F3720206DC00022BD71 /* Storyboards */ = {
			isa = PBXGroup;
			children = (
				520D2D5F20220B0D00592DC0 /* Home.storyboard */,
				52908F2720206A250022BD71 /* LaunchScreen.storyboard */,
				52908F2220206A250022BD71 /* Main.storyboard */,
				52908F3A2020814B0022BD71 /* Login.storyboard */,
			);
			path = Storyboards;
			sourceTree = "<group>";
		};
		52908F3820206DC90022BD71 /* Supporting */ = {
			isa = PBXGroup;
			children = (
				52908F3020206AE80022BD71 /* GoogleService-Info.plist */,
				52908F2A20206A250022BD71 /* Info.plist */,
				52CEF8042020B7BC001E91C8 /* Constants.swift */,
			);
			path = Supporting;
			sourceTree = "<group>";
		};
		52908F3920206DD10022BD71 /* Views */ = {
			isa = PBXGroup;
			children = (
			);
			path = Views;
			sourceTree = "<group>";
		};
		52A1B819AC14D6817908488B /* Pods */ = {
			isa = PBXGroup;
			children = (
				52C795E23F51008C047E2F57 /* Pods-InstagramClone.debug.xcconfig */,
				B995BAFA7A7988234E621BB2 /* Pods-InstagramClone.release.xcconfig */,
			);
			name = Pods;
			sourceTree = "<group>";
		};
		C91701510C6F10F8D5BC553F /* Frameworks */ = {
			isa = PBXGroup;
			children = (
				A00D3A2659B7B3C7F7732571 /* Pods_InstagramClone.framework */,
			);
			name = Frameworks;
			sourceTree = "<group>";
		};
/* End PBXGroup section */

/* Begin PBXNativeTarget section */
		52908F1A20206A250022BD71 /* InstagramClone */ = {
			isa = PBXNativeTarget;
			buildConfigurationList = 52908F2D20206A250022BD71 /* Build configuration list for PBXNativeTarget "InstagramClone" */;
			buildPhases = (
				E81FE76E3F0F6EEDE5038547 /* [CP] Check Pods Manifest.lock */,
				52908F1720206A250022BD71 /* Sources */,
				52908F1820206A250022BD71 /* Frameworks */,
				52908F1920206A250022BD71 /* Resources */,
				35BC7C6EA6E948A2ADE85257 /* [CP] Embed Pods Frameworks */,
				1339995AD54E2695E10697CF /* [CP] Copy Pods Resources */,
			);
			buildRules = (
			);
			dependencies = (
			);
			name = InstagramClone;
			productName = InstagramClone;
			productReference = 52908F1B20206A250022BD71 /* InstagramClone.app */;
			productType = "com.apple.product-type.application";
		};
/* End PBXNativeTarget section */

/* Begin PBXProject section */
		52908F1320206A250022BD71 /* Project object */ = {
			isa = PBXProject;
			attributes = {
				LastSwiftUpdateCheck = 0920;
				LastUpgradeCheck = 0920;
				ORGANIZATIONNAME = basicdas;
				TargetAttributes = {
					52908F1A20206A250022BD71 = {
						CreatedOnToolsVersion = 9.2;
						ProvisioningStyle = Automatic;
					};
				};
			};
			buildConfigurationList = 52908F1620206A250022BD71 /* Build configuration list for PBXProject "InstagramClone" */;
			compatibilityVersion = "Xcode 8.0";
			developmentRegion = en;
			hasScannedForEncodings = 0;
			knownRegions = (
				en,
				Base,
			);
			mainGroup = 52908F1220206A250022BD71;
			productRefGroup = 52908F1C20206A250022BD71 /* Products */;
			projectDirPath = "";
			projectRoot = "";
			targets = (
				52908F1A20206A250022BD71 /* InstagramClone */,
			);
		};
/* End PBXProject section */

/* Begin PBXResourcesBuildPhase section */
		52908F1920206A250022BD71 /* Resources */ = {
			isa = PBXResourcesBuildPhase;
			buildActionMask = 2147483647;
			files = (
				52908F2920206A250022BD71 /* LaunchScreen.storyboard in Resources */,
				52908F3B2020814B0022BD71 /* Login.storyboard in Resources */,
				52908F2620206A250022BD71 /* Assets.xcassets in Resources */,
				520D2D6020220B1000592DC0 /* Home.storyboard in Resources */,
				52908F3120206AE80022BD71 /* GoogleService-Info.plist in Resources */,
				52908F2420206A250022BD71 /* Main.storyboard in Resources */,
			);
			runOnlyForDeploymentPostprocessing = 0;
		};
/* End PBXResourcesBuildPhase section */

/* Begin PBXShellScriptBuildPhase section */
		1339995AD54E2695E10697CF /* [CP] Copy Pods Resources */ = {
			isa = PBXShellScriptBuildPhase;
			buildActionMask = 2147483647;
			files = (
			);
			inputPaths = (
				"${SRCROOT}/Pods/Target Support Files/Pods-InstagramClone/Pods-InstagramClone-resources.sh",
				$PODS_CONFIGURATION_BUILD_DIR/FirebaseUI/FirebaseAuthUI.bundle,
			);
			name = "[CP] Copy Pods Resources";
			outputPaths = (
				"${TARGET_BUILD_DIR}/${UNLOCALIZED_RESOURCES_FOLDER_PATH}",
			);
			runOnlyForDeploymentPostprocessing = 0;
			shellPath = /bin/sh;
			shellScript = "\"${SRCROOT}/Pods/Target Support Files/Pods-InstagramClone/Pods-InstagramClone-resources.sh\"\n";
			showEnvVarsInLog = 0;
		};
		35BC7C6EA6E948A2ADE85257 /* [CP] Embed Pods Frameworks */ = {
			isa = PBXShellScriptBuildPhase;
			buildActionMask = 2147483647;
			files = (
			);
			inputPaths = (
				"${SRCROOT}/Pods/Target Support Files/Pods-InstagramClone/Pods-InstagramClone-frameworks.sh",
				"${BUILT_PRODUCTS_DIR}/GTMSessionFetcher/GTMSessionFetcher.framework",
				"${BUILT_PRODUCTS_DIR}/GoogleToolboxForMac/GoogleToolboxForMac.framework",
				"${BUILT_PRODUCTS_DIR}/leveldb-library/leveldb.framework",
				"${BUILT_PRODUCTS_DIR}/nanopb/nanopb.framework",
			);
			name = "[CP] Embed Pods Frameworks";
			outputPaths = (
				"${TARGET_BUILD_DIR}/${FRAMEWORKS_FOLDER_PATH}/GTMSessionFetcher.framework",
				"${TARGET_BUILD_DIR}/${FRAMEWORKS_FOLDER_PATH}/GoogleToolboxForMac.framework",
				"${TARGET_BUILD_DIR}/${FRAMEWORKS_FOLDER_PATH}/leveldb.framework",
				"${TARGET_BUILD_DIR}/${FRAMEWORKS_FOLDER_PATH}/nanopb.framework",
			);
			runOnlyForDeploymentPostprocessing = 0;
			shellPath = /bin/sh;
			shellScript = "\"${SRCROOT}/Pods/Target Support Files/Pods-InstagramClone/Pods-InstagramClone-frameworks.sh\"\n";
			showEnvVarsInLog = 0;
		};
		E81FE76E3F0F6EEDE5038547 /* [CP] Check Pods Manifest.lock */ = {
			isa = PBXShellScriptBuildPhase;
			buildActionMask = 2147483647;
			files = (
			);
			inputPaths = (
				"${PODS_PODFILE_DIR_PATH}/Podfile.lock",
				"${PODS_ROOT}/Manifest.lock",
			);
			name = "[CP] Check Pods Manifest.lock";
			outputPaths = (
				"$(DERIVED_FILE_DIR)/Pods-InstagramClone-checkManifestLockResult.txt",
			);
			runOnlyForDeploymentPostprocessing = 0;
			shellPath = /bin/sh;
			shellScript = "diff \"${PODS_PODFILE_DIR_PATH}/Podfile.lock\" \"${PODS_ROOT}/Manifest.lock\" > /dev/null\nif [ $? != 0 ] ; then\n    # print error to STDERR\n    echo \"error: The sandbox is not in sync with the Podfile.lock. Run 'pod install' or update your CocoaPods installation.\" >&2\n    exit 1\nfi\n# This output is used by Xcode 'outputs' to avoid re-running this script phase.\necho \"SUCCESS\" > \"${SCRIPT_OUTPUT_FILE_0}\"\n";
			showEnvVarsInLog = 0;
		};
/* End PBXShellScriptBuildPhase section */

/* Begin PBXSourcesBuildPhase section */
		52908F1720206A250022BD71 /* Sources */ = {
			isa = PBXSourcesBuildPhase;
			buildActionMask = 2147483647;
			files = (
				52908F3F202093460022BD71 /* User.swift in Sources */,
				520D2D522021DE7100592DC0 /* StorageService.swift in Sources */,
				52908F3D202081CC0022BD71 /* LoginViewController.swift in Sources */,
				520D2D4E2021BD6E00592DC0 /* MainTabBarController.swift in Sources */,
				52CEF8032020A906001E91C8 /* UserService.swift in Sources */,
				520D2D562021E6D000592DC0 /* Post.swift in Sources */,
				520D2D582021ED1300592DC0 /* UIImage+Size.swift in Sources */,
				520D2D4A2021ABE300592DC0 /* HomeViewController.swift in Sources */,
				520D2D502021D27600592DC0 /* IGPhotoHelper.swift in Sources */,
				52CEF8072020B86A001E91C8 /* Storyboard+Utility.swift in Sources */,
				520D2D4C2021ABF500592DC0 /* FindFriendsViewController.swift in Sources */,
				520D2D5A2021EE3F00592DC0 /* StorageReference+Post.swift in Sources */,
				52CEF8052020B7BC001E91C8 /* Constants.swift in Sources */,
				520D2D542021E06900592DC0 /* PostService.swift in Sources */,
				52908F412020964D0022BD71 /* CreateUsernameViewController.swift in Sources */,
				52908F1F20206A250022BD71 /* AppDelegate.swift in Sources */,
			);
			runOnlyForDeploymentPostprocessing = 0;
		};
/* End PBXSourcesBuildPhase section */

/* Begin PBXVariantGroup section */
		520D2D5F20220B0D00592DC0 /* Home.storyboard */ = {
			isa = PBXVariantGroup;
			children = (
				520D2D5E20220B0D00592DC0 /* Base */,
			);
			name = Home.storyboard;
			path = /L10/Tushar/Learning/InstagramClone/InstagramClone/Storyboards;
			sourceTree = "<absolute>";
		};
		52908F2220206A250022BD71 /* Main.storyboard */ = {
			isa = PBXVariantGroup;
			children = (
				52908F2320206A250022BD71 /* Base */,
			);
			name = Main.storyboard;
			sourceTree = "<group>";
		};
		52908F2720206A250022BD71 /* LaunchScreen.storyboard */ = {
			isa = PBXVariantGroup;
			children = (
				52908F2820206A250022BD71 /* Base */,
			);
			name = LaunchScreen.storyboard;
			sourceTree = "<group>";
		};
/* End PBXVariantGroup section */

/* Begin XCBuildConfiguration section */
		52908F2B20206A250022BD71 /* Debug */ = {
			isa = XCBuildConfiguration;
			buildSettings = {
				ALWAYS_SEARCH_USER_PATHS = NO;
				CLANG_ANALYZER_NONNULL = YES;
				CLANG_ANALYZER_NUMBER_OBJECT_CONVERSION = YES_AGGRESSIVE;
				CLANG_CXX_LANGUAGE_STANDARD = "gnu++14";
				CLANG_CXX_LIBRARY = "libc++";
				CLANG_ENABLE_MODULES = YES;
				CLANG_ENABLE_OBJC_ARC = YES;
				CLANG_WARN_BLOCK_CAPTURE_AUTORELEASING = YES;
				CLANG_WARN_BOOL_CONVERSION = YES;
				CLANG_WARN_COMMA = YES;
				CLANG_WARN_CONSTANT_CONVERSION = YES;
				CLANG_WARN_DIRECT_OBJC_ISA_USAGE = YES_ERROR;
				CLANG_WARN_DOCUMENTATION_COMMENTS = YES;
				CLANG_WARN_EMPTY_BODY = YES;
				CLANG_WARN_ENUM_CONVERSION = YES;
				CLANG_WARN_INFINITE_RECURSION = YES;
				CLANG_WARN_INT_CONVERSION = YES;
				CLANG_WARN_NON_LITERAL_NULL_CONVERSION = YES;
				CLANG_WARN_OBJC_LITERAL_CONVERSION = YES;
				CLANG_WARN_OBJC_ROOT_CLASS = YES_ERROR;
				CLANG_WARN_RANGE_LOOP_ANALYSIS = YES;
				CLANG_WARN_STRICT_PROTOTYPES = YES;
				CLANG_WARN_SUSPICIOUS_MOVE = YES;
				CLANG_WARN_UNGUARDED_AVAILABILITY = YES_AGGRESSIVE;
				CLANG_WARN_UNREACHABLE_CODE = YES;
				CLANG_WARN__DUPLICATE_METHOD_MATCH = YES;
				CODE_SIGN_IDENTITY = "iPhone Developer";
				COPY_PHASE_STRIP = NO;
				DEBUG_INFORMATION_FORMAT = dwarf;
				ENABLE_STRICT_OBJC_MSGSEND = YES;
				ENABLE_TESTABILITY = YES;
				GCC_C_LANGUAGE_STANDARD = gnu11;
				GCC_DYNAMIC_NO_PIC = NO;
				GCC_NO_COMMON_BLOCKS = YES;
				GCC_OPTIMIZATION_LEVEL = 0;
				GCC_PREPROCESSOR_DEFINITIONS = (
					"DEBUG=1",
					"$(inherited)",
				);
				GCC_WARN_64_TO_32_BIT_CONVERSION = YES;
				GCC_WARN_ABOUT_RETURN_TYPE = YES_ERROR;
				GCC_WARN_UNDECLARED_SELECTOR = YES;
				GCC_WARN_UNINITIALIZED_AUTOS = YES_AGGRESSIVE;
				GCC_WARN_UNUSED_FUNCTION = YES;
				GCC_WARN_UNUSED_VARIABLE = YES;
				IPHONEOS_DEPLOYMENT_TARGET = 11.2;
				MTL_ENABLE_DEBUG_INFO = YES;
				ONLY_ACTIVE_ARCH = YES;
				SDKROOT = iphoneos;
				SWIFT_ACTIVE_COMPILATION_CONDITIONS = DEBUG;
				SWIFT_OPTIMIZATION_LEVEL = "-Onone";
			};
			name = Debug;
		};
		52908F2C20206A250022BD71 /* Release */ = {
			isa = XCBuildConfiguration;
			buildSettings = {
				ALWAYS_SEARCH_USER_PATHS = NO;
				CLANG_ANALYZER_NONNULL = YES;
				CLANG_ANALYZER_NUMBER_OBJECT_CONVERSION = YES_AGGRESSIVE;
				CLANG_CXX_LANGUAGE_STANDARD = "gnu++14";
				CLANG_CXX_LIBRARY = "libc++";
				CLANG_ENABLE_MODULES = YES;
				CLANG_ENABLE_OBJC_ARC = YES;
				CLANG_WARN_BLOCK_CAPTURE_AUTORELEASING = YES;
				CLANG_WARN_BOOL_CONVERSION = YES;
				CLANG_WARN_COMMA = YES;
				CLANG_WARN_CONSTANT_CONVERSION = YES;
				CLANG_WARN_DIRECT_OBJC_ISA_USAGE = YES_ERROR;
				CLANG_WARN_DOCUMENTATION_COMMENTS = YES;
				CLANG_WARN_EMPTY_BODY = YES;
				CLANG_WARN_ENUM_CONVERSION = YES;
				CLANG_WARN_INFINITE_RECURSION = YES;
				CLANG_WARN_INT_CONVERSION = YES;
				CLANG_WARN_NON_LITERAL_NULL_CONVERSION = YES;
				CLANG_WARN_OBJC_LITERAL_CONVERSION = YES;
				CLANG_WARN_OBJC_ROOT_CLASS = YES_ERROR;
				CLANG_WARN_RANGE_LOOP_ANALYSIS = YES;
				CLANG_WARN_STRICT_PROTOTYPES = YES;
				CLANG_WARN_SUSPICIOUS_MOVE = YES;
				CLANG_WARN_UNGUARDED_AVAILABILITY = YES_AGGRESSIVE;
				CLANG_WARN_UNREACHABLE_CODE = YES;
				CLANG_WARN__DUPLICATE_METHOD_MATCH = YES;
				CODE_SIGN_IDENTITY = "iPhone Developer";
				COPY_PHASE_STRIP = NO;
				DEBUG_INFORMATION_FORMAT = "dwarf-with-dsym";
				ENABLE_NS_ASSERTIONS = NO;
				ENABLE_STRICT_OBJC_MSGSEND = YES;
				GCC_C_LANGUAGE_STANDARD = gnu11;
				GCC_NO_COMMON_BLOCKS = YES;
				GCC_WARN_64_TO_32_BIT_CONVERSION = YES;
				GCC_WARN_ABOUT_RETURN_TYPE = YES_ERROR;
				GCC_WARN_UNDECLARED_SELECTOR = YES;
				GCC_WARN_UNINITIALIZED_AUTOS = YES_AGGRESSIVE;
				GCC_WARN_UNUSED_FUNCTION = YES;
				GCC_WARN_UNUSED_VARIABLE = YES;
				IPHONEOS_DEPLOYMENT_TARGET = 11.2;
				MTL_ENABLE_DEBUG_INFO = NO;
				SDKROOT = iphoneos;
				SWIFT_OPTIMIZATION_LEVEL = "-Owholemodule";
				VALIDATE_PRODUCT = YES;
			};
			name = Release;
		};
		52908F2E20206A250022BD71 /* Debug */ = {
			isa = XCBuildConfiguration;
			baseConfigurationReference = 52C795E23F51008C047E2F57 /* Pods-InstagramClone.debug.xcconfig */;
			buildSettings = {
				ASSETCATALOG_COMPILER_APPICON_NAME = AppIcon;
				CODE_SIGN_STYLE = Automatic;
				DEVELOPMENT_TEAM = 845YHJXAK5;
				INFOPLIST_FILE = "$(SRCROOT)/InstagramClone/Supporting/Info.plist";
				IPHONEOS_DEPLOYMENT_TARGET = 10.1;
				LD_RUNPATH_SEARCH_PATHS = "$(inherited) @executable_path/Frameworks";
				PRODUCT_BUNDLE_IDENTIFIER = com.basicdas.InstagramClone;
				PRODUCT_NAME = "$(TARGET_NAME)";
				SWIFT_VERSION = 4.0;
				TARGETED_DEVICE_FAMILY = "1,2";
			};
			name = Debug;
		};
		52908F2F20206A250022BD71 /* Release */ = {
			isa = XCBuildConfiguration;
			baseConfigurationReference = B995BAFA7A7988234E621BB2 /* Pods-InstagramClone.release.xcconfig */;
			buildSettings = {
				ASSETCATALOG_COMPILER_APPICON_NAME = AppIcon;
				CODE_SIGN_STYLE = Automatic;
				DEVELOPMENT_TEAM = 845YHJXAK5;
				INFOPLIST_FILE = "$(SRCROOT)/InstagramClone/Supporting/Info.plist";
				IPHONEOS_DEPLOYMENT_TARGET = 10.1;
				LD_RUNPATH_SEARCH_PATHS = "$(inherited) @executable_path/Frameworks";
				PRODUCT_BUNDLE_IDENTIFIER = com.basicdas.InstagramClone;
				PRODUCT_NAME = "$(TARGET_NAME)";
				SWIFT_VERSION = 4.0;
				TARGETED_DEVICE_FAMILY = "1,2";
			};
			name = Release;
		};
/* End XCBuildConfiguration section */

/* Begin XCConfigurationList section */
		52908F1620206A250022BD71 /* Build configuration list for PBXProject "InstagramClone" */ = {
			isa = XCConfigurationList;
			buildConfigurations = (
				52908F2B20206A250022BD71 /* Debug */,
				52908F2C20206A250022BD71 /* Release */,
			);
			defaultConfigurationIsVisible = 0;
			defaultConfigurationName = Release;
		};
		52908F2D20206A250022BD71 /* Build configuration list for PBXNativeTarget "InstagramClone" */ = {
			isa = XCConfigurationList;
			buildConfigurations = (
				52908F2E20206A250022BD71 /* Debug */,
				52908F2F20206A250022BD71 /* Release */,
			);
			defaultConfigurationIsVisible = 0;
			defaultConfigurationName = Release;
		};
/* End XCConfigurationList section */
	};
	rootObject = 52908F1320206A250022BD71 /* Project object */;
}
